
Microsoft Visual Studio Solution File, Format Version 12.00
# Visual Studio Version 16
VisualStudioVersion = 16.0.31702.278
MinimumVisualStudioVersion = 10.0.40219.1
Project("{8BC9CEB8-8B4A-11D0-8D11-00A0C91BC942}") = "factorial", "factorial\factorial.vcxproj", "{77751E34-54D7-45CA-928B-5661A2FB6CEB}"
EndProject
Global
	GlobalSection(SolutionConfigurationPlatforms) = preSolution
		Debug|x64 = Debug|x64
		Debug|x86 = Debug|x86
		Release|x64 = Release|x64
		Release|x86 = Release|x86
	EndGlobalSection
	GlobalSection(ProjectConfigurationPlatforms) = postSolution
		{77751E34-54D7-45CA-928B-5661A2FB6CEB}.Debug|x64.ActiveCfg = Debug|x64
		{77751E34-54D7-45CA-928B-5661A2FB6CEB}.Debug|x64.Build.0 = Debug|x64
		{77751E34-54D7-45CA-928B-5661A2FB6CEB}.Debug|x86.ActiveCfg = Debug|Win32
		{77751E34-54D7-45CA-928B-5661A2FB6CEB}.Debug|x86.Build.0 = Debug|Win32
		{77751E34-54D7-45CA-928B-5661A2FB6CEB}.Release|x64.ActiveCfg = Release|x64
		{77751E34-54D7-45CA-928B-5661A2FB6CEB}.Release|x64.Build.0 = Release|x64
		{77751E34-54D7-45CA-928B-5661A2FB6CEB}.Release|x86.ActiveCfg = Release|Win32
		{77751E34-54D7-45CA-928B-5661A2FB6CEB}.Release|x86.Build.0 = Release|Win32
	EndGlobalSection
	GlobalSection(SolutionProperties) = preSolution
		HideSolutionNode = FALSE
	EndGlobalSection
	GlobalSection(ExtensibilityGlobals) = postSolution
		SolutionGuid = {E0BFCF7B-E300-487A-8FA9-D27011CE73DB}
	EndGlobalSection
EndGlobal
